{
  "object": {
    "pins": [
      {
        "package": "Realm",
        "repositoryURL": "https://github.com/Realm/realm-cocoa",
        "state": {
          "branch": null,
          "revision": "913d59c6522e3007c7cbac3a8e9775abf72c054c",
          "version": "4.3.2"
        }
      },
      {
        "package": "RealmCore",
        "repositoryURL": "https://github.com/realm/realm-core",
        "state": {
          "branch": null,
          "revision": "35662ff940e340bf630ad1d1d88acfc7af18bee6",
          "version": "5.23.8"
        }
      },
      {
        "package": "SwiftyHUDView",
        "repositoryURL": "https://github.com/peacemoon/SwiftyHUDView",
        "state": {
          "branch": null,
          "revision": "7544ad88c677ab863f0c18b160c4e3e327f7af23",
          "version": "0.0.2"
        }
      }
    ]
  },
  "version": 1
}
